
Microsoft Visual Studio Solution File, Format Version 12.00
# Visual Studio Version 17
VisualStudioVersion = 17.1.32407.343
MinimumVisualStudioVersion = 10.0.40219.1
Project("{FAE04EC0-301F-11D3-BF4B-00C04F79EFBC}") = "ray-tracing", "ray-tracing.csproj", "{62F93DAA-5C0A-4E3C-A3BC-ACB1624AF6FC}"
EndProject
Global
	GlobalSection(SolutionConfigurationPlatforms) = preSolution
		Debug|Any CPU = Debug|Any CPU
		Release|Any CPU = Release|Any CPU
	EndGlobalSection
	GlobalSection(ProjectConfigurationPlatforms) = postSolution
		{62F93DAA-5C0A-4E3C-A3BC-ACB1624AF6FC}.Debug|Any CPU.ActiveCfg = Debug|Any CPU
		{62F93DAA-5C0A-4E3C-A3BC-ACB1624AF6FC}.Debug|Any CPU.Build.0 = Debug|Any CPU
		{62F93DAA-5C0A-4E3C-A3BC-ACB1624AF6FC}.Release|Any CPU.ActiveCfg = Release|Any CPU
		{62F93DAA-5C0A-4E3C-A3BC-ACB1624AF6FC}.Release|Any CPU.Build.0 = Release|Any CPU
	EndGlobalSection
	GlobalSection(SolutionProperties) = preSolution
		HideSolutionNode = FALSE
	EndGlobalSection
	GlobalSection(ExtensibilityGlobals) = postSolution
		SolutionGuid = {288E5C59-718A-4C7D-BCD4-0415FAEC5CD7}
	EndGlobalSection
EndGlobal
